Microsoft Visual Studio Solution File, Format Version 12.00
# Visual Studio 2012
Project("{FAE04EC0-301F-11D3-BF4B-00C04F79EFBC}") = "Gato", "Gato.csproj", "{C045AD63-C2F8-4B4B-8FE8-5911C46E4581}"
EndProject
Global
	GlobalSection(SolutionConfigurationPlatforms) = preSolution
	Debug|Any CPU = Debug|Any CPU
	ExportDebug|Any CPU = ExportDebug|Any CPU
	ExportRelease|Any CPU = ExportRelease|Any CPU
	EndGlobalSection
	GlobalSection(ProjectConfigurationPlatforms) = postSolution
		{C045AD63-C2F8-4B4B-8FE8-5911C46E4581}.Debug|Any CPU.ActiveCfg = Debug|Any CPU
		{C045AD63-C2F8-4B4B-8FE8-5911C46E4581}.Debug|Any CPU.Build.0 = Debug|Any CPU
		{C045AD63-C2F8-4B4B-8FE8-5911C46E4581}.ExportDebug|Any CPU.ActiveCfg = ExportDebug|Any CPU
		{C045AD63-C2F8-4B4B-8FE8-5911C46E4581}.ExportDebug|Any CPU.Build.0 = ExportDebug|Any CPU
		{C045AD63-C2F8-4B4B-8FE8-5911C46E4581}.ExportRelease|Any CPU.ActiveCfg = ExportRelease|Any CPU
		{C045AD63-C2F8-4B4B-8FE8-5911C46E4581}.ExportRelease|Any CPU.Build.0 = ExportRelease|Any CPU
	EndGlobalSection
EndGlobal
